
Microsoft Visual Studio Solution File, Format Version 12.00
# Visual Studio Version 17
VisualStudioVersion = 17.5.33424.131
MinimumVisualStudioVersion = 10.0.40219.1
Project("{FAE04EC0-301F-11D3-BF4B-00C04F79EFBC}") = "AddressBookEL", "AddressBookEL\AddressBookEL.csproj", "{A42188DE-1570-44F9-B765-D06EBCF46639}"
EndProject
Project("{FAE04EC0-301F-11D3-BF4B-00C04F79EFBC}") = "AddressBookDL", "AddressBookDL\AddressBookDL.csproj", "{43C47157-3AC9-4628-9190-B8296F63C9D0}"
EndProject
Project("{FAE04EC0-301F-11D3-BF4B-00C04F79EFBC}") = "AddressBookBL", "AddressBookBL\AddressBookBL.csproj", "{3670D6D2-A079-4E63-B288-4AA0D68D2805}"
EndProject
Project("{FAE04EC0-301F-11D3-BF4B-00C04F79EFBC}") = "AddressBookPL", "AddressBookPL\AddressBookPL.csproj", "{D8569CF7-87E9-4EF2-94F5-0D3DCD7FC3FF}"
EndProject
Global
	GlobalSection(SolutionConfigurationPlatforms) = preSolution
		Debug|Any CPU = Debug|Any CPU
		Release|Any CPU = Release|Any CPU
	EndGlobalSection
	GlobalSection(ProjectConfigurationPlatforms) = postSolution
		{A42188DE-1570-44F9-B765-D06EBCF46639}.Debug|Any CPU.ActiveCfg = Debug|Any CPU
		{A42188DE-1570-44F9-B765-D06EBCF46639}.Debug|Any CPU.Build.0 = Debug|Any CPU
		{A42188DE-1570-44F9-B765-D06EBCF46639}.Release|Any CPU.ActiveCfg = Release|Any CPU
		{A42188DE-1570-44F9-B765-D06EBCF46639}.Release|Any CPU.Build.0 = Release|Any CPU
		{43C47157-3AC9-4628-9190-B8296F63C9D0}.Debug|Any CPU.ActiveCfg = Debug|Any CPU
		{43C47157-3AC9-4628-9190-B8296F63C9D0}.Debug|Any CPU.Build.0 = Debug|Any CPU
		{43C47157-3AC9-4628-9190-B8296F63C9D0}.Release|Any CPU.ActiveCfg = Release|Any CPU
		{43C47157-3AC9-4628-9190-B8296F63C9D0}.Release|Any CPU.Build.0 = Release|Any CPU
		{3670D6D2-A079-4E63-B288-4AA0D68D2805}.Debug|Any CPU.ActiveCfg = Debug|Any CPU
		{3670D6D2-A079-4E63-B288-4AA0D68D2805}.Debug|Any CPU.Build.0 = Debug|Any CPU
		{3670D6D2-A079-4E63-B288-4AA0D68D2805}.Release|Any CPU.ActiveCfg = Release|Any CPU
		{3670D6D2-A079-4E63-B288-4AA0D68D2805}.Release|Any CPU.Build.0 = Release|Any CPU
		{D8569CF7-87E9-4EF2-94F5-0D3DCD7FC3FF}.Debug|Any CPU.ActiveCfg = Debug|Any CPU
		{D8569CF7-87E9-4EF2-94F5-0D3DCD7FC3FF}.Debug|Any CPU.Build.0 = Debug|Any CPU
		{D8569CF7-87E9-4EF2-94F5-0D3DCD7FC3FF}.Release|Any CPU.ActiveCfg = Release|Any CPU
		{D8569CF7-87E9-4EF2-94F5-0D3DCD7FC3FF}.Release|Any CPU.Build.0 = Release|Any CPU
	EndGlobalSection
	GlobalSection(SolutionProperties) = preSolution
		HideSolutionNode = FALSE
	EndGlobalSection
	GlobalSection(ExtensibilityGlobals) = postSolution
		SolutionGuid = {7289908F-98F9-4225-BD41-C96385F7CF64}
	EndGlobalSection
EndGlobal
